<?xml version="1.0" encoding="utf-8"?>
<Project ToolsVersion="4.0" xmlns="http://schemas.microsoft.com/developer/msbuild/2003">
  <ItemGroup>
    <Filter Include="Source Files">
      <UniqueIdentifier>{4FC737F1-C7A5-4376-A066-2A32D752A2FF}</UniqueIdentifier>
      <Extensions>cpp;c;cc;cxx;c++;cppm;ixx;def;odl;idl;hpj;bat;asm;asmx</Extensions>
    </Filter>
    <Filter Include="Header Files">
      <UniqueIdentifier>{93995380-89BD-4b04-88EB-625FBE52EBFB}</UniqueIdentifier>
      <Extensions>h;hh;hpp;hxx;h++;hm;inl;inc;ipp;xsd</Extensions>
    </Filter>
    <Filter Include="Resource Files">
      <UniqueIdentifier>{67DA6AB6-F800-4c08-8B7A-83BB121AAD01}</UniqueIdentifier>
      <Extensions>rc;ico;cur;bmp;dlg;rc2;rct;bin;rgs;gif;jpg;jpeg;jpe;resx;tiff;tif;png;wav;mfcribbon-ms</Extensions>
    </Filter>
  </ItemGroup>
  <ItemGroup>
    <ClInclude Include="framework.h">
      <Filter>Header Files</Filter>
    </ClInclude>
    <ClInclude Include="targetver.h">
      <Filter>Header Files</Filter>
    </ClInclude>
    <ClInclude Include="Resource.h">
      <Filter>Header Files</Filter>
    </ClInclude>
    <ClInclude Include="pch.h">
      <Filter>Header Files</Filter>
    </ClInclude>
    <ClInclude Include="Scene\MainGameScene.h">
      <Filter>Header Files</Filter>
    </ClInclude>
    <ClInclude Include="GameObject\TestGameObject.h">
      <Filter>Header Files</Filter>
    </ClInclude>
    <ClInclude Include="Script\ControlScript.h">
      <Filter>Header Files</Filter>
    </ClInclude>
    <ClInclude Include="GameObject\TerranMarine.h">
      <Filter>Header Files</Filter>
    </ClInclude>
    <ClInclude Include="GameObject\TerranMedic.h">
      <Filter>Header Files</Filter>
    </ClInclude>
    <ClInclude Include="HFSMState\Idle.h">
      <Filter>Header Files</Filter>
    </ClInclude>
    <ClInclude Include="Script\AnimationHandler.h">
      <Filter>Header Files</Filter>
    </ClInclude>
    <ClInclude Include="Script\UnitInputHandler.h">
      <Filter>Header Files</Filter>
    </ClInclude>
    <ClInclude Include="HFSMState\Move.h">
      <Filter>Header Files</Filter>
    </ClInclude>
    <ClInclude Include="Commands.h">
      <Filter>Header Files</Filter>
    </ClInclude>
    <ClInclude Include="HFSMState\Locomotion.h">
      <Filter>Header Files</Filter>
    </ClInclude>
    <ClInclude Include="Script\UnitStats.h">
      <Filter>Header Files</Filter>
    </ClInclude>
    <ClInclude Include="SCData\Command.h">
      <Filter>Header Files</Filter>
    </ClInclude>
    <ClInclude Include="HFSMState\UnitRoot.h">
      <Filter>Header Files</Filter>
    </ClInclude>
    <ClInclude Include="HFSMState\Turn.h">
      <Filter>Header Files</Filter>
    </ClInclude>
    <ClInclude Include="SCData\Constant.h">
      <Filter>Header Files</Filter>
    </ClInclude>
    <ClInclude Include="Script\DestroyTestScript.h">
      <Filter>Header Files</Filter>
    </ClInclude>
    <ClInclude Include="Script\ActiveEnableTest.h">
      <Filter>Header Files</Filter>
    </ClInclude>
    <ClInclude Include="Script\TestScript.h">
      <Filter>Header Files</Filter>
    </ClInclude>
  </ItemGroup>
  <ItemGroup>
    <ClCompile Include="main.cpp">
      <Filter>Source Files</Filter>
    </ClCompile>
    <ClCompile Include="pch.cpp">
      <Filter>Source Files</Filter>
    </ClCompile>
    <ClCompile Include="Scene\MainGameScene.cpp">
      <Filter>Source Files</Filter>
    </ClCompile>
    <ClCompile Include="GameObject\TestGameObject.cpp">
      <Filter>Source Files</Filter>
    </ClCompile>
    <ClCompile Include="Script\ControlScript.cpp">
      <Filter>Source Files</Filter>
    </ClCompile>
    <ClCompile Include="GameObject\TerranMarine.cpp">
      <Filter>Source Files</Filter>
    </ClCompile>
    <ClCompile Include="GameObject\TerranMedic.cpp">
      <Filter>Source Files</Filter>
    </ClCompile>
    <ClCompile Include="HFSMState\Idle.cpp">
      <Filter>Source Files</Filter>
    </ClCompile>
    <ClCompile Include="Script\AnimationHandler.cpp">
      <Filter>Source Files</Filter>
    </ClCompile>
    <ClCompile Include="Script\UnitInputHandler.cpp">
      <Filter>Source Files</Filter>
    </ClCompile>
    <ClCompile Include="HFSMState\Move.cpp">
      <Filter>Source Files</Filter>
    </ClCompile>
    <ClCompile Include="HFSMState\Locomotion.cpp">
      <Filter>Source Files</Filter>
    </ClCompile>
    <ClCompile Include="Script\UnitStats.cpp">
      <Filter>Source Files</Filter>
    </ClCompile>
    <ClCompile Include="HFSMState\UnitRoot.cpp">
      <Filter>Source Files</Filter>
    </ClCompile>
    <ClCompile Include="HFSMState\Turn.cpp">
      <Filter>Source Files</Filter>
    </ClCompile>
    <ClCompile Include="Script\DestroyTestScript.cpp">
      <Filter>Source Files</Filter>
    </ClCompile>
    <ClCompile Include="Script\ActiveEnableTest.cpp">
      <Filter>Source Files</Filter>
    </ClCompile>
    <ClCompile Include="Script\TestScript.cpp">
      <Filter>Source Files</Filter>
    </ClCompile>
  </ItemGroup>
  <ItemGroup>
    <ResourceCompile Include="Content.rc">
      <Filter>Resource Files</Filter>
    </ResourceCompile>
  </ItemGroup>
  <ItemGroup>
    <Image Include="small.ico">
      <Filter>Resource Files</Filter>
    </Image>
    <Image Include="Content.ico">
      <Filter>Resource Files</Filter>
    </Image>
  </ItemGroup>
</Project>